schema: '2.0'
stages:
  data_ingestion:
    cmd: python src/data_ingestion.py
    deps:
    - path: src/data_ingestion.py
      hash: md5
      md5: 4e517781109afb5890f11be1d3d295f6
      size: 3539
    params:
      params.yaml:
        data_ingestion.test_size: 0.4
    outs:
    - path: data/raw
      hash: md5
      md5: 60702fe29bcad1734a612cd12f7986e3.dir
      size: 479272
      nfiles: 2
  data_preprocessing:
    cmd: python src/data_preprocessing.py
    deps:
    - path: data/raw
      hash: md5
      md5: 60702fe29bcad1734a612cd12f7986e3.dir
      size: 479272
      nfiles: 2
    - path: src/data_preprocessing.py
      hash: md5
      md5: f5fed5b62dedbe082b0468a98d50b92e
      size: 3970
    outs:
    - path: data/interim
      hash: md5
      md5: c239e6f813de866f7605cb45756607ac.dir
      size: 258593
      nfiles: 2
  feature_engineering:
    cmd: python src/feature_engineering.py
    deps:
    - path: data/interim
      hash: md5
      md5: c239e6f813de866f7605cb45756607ac.dir
      size: 258593
      nfiles: 2
    - path: src/feature_engineering.py
      hash: md5
      md5: ce1889389f165bfd8d9f815336443d80
      size: 3799
    params:
      params.yaml:
        feature_engineering.max_features: 40
    outs:
    - path: data/processed
      hash: md5
      md5: 82286d238833c153fc547aaf4370f3b7.dir
      size: 956405
      nfiles: 2
  model_building:
    cmd: python src/model_building.py
    deps:
    - path: data/processed
      hash: md5
      md5: 82286d238833c153fc547aaf4370f3b7.dir
      size: 956405
      nfiles: 2
    - path: src/model_building.py
      hash: md5
      md5: a415c81a95e4448429dc368852d6a823
      size: 4288
    params:
      params.yaml:
        model_building.n_estimators: 22
        model_building.random_state: 3
    outs:
    - path: models/model.pkl
      hash: md5
      md5: 3631aa6fa19d84898e2c2acfa56599fc
      size: 618562
  model_evaluation:
    cmd: python src/model_evaluation.py
    deps:
    - path: models/model.pkl
      hash: md5
      md5: 3631aa6fa19d84898e2c2acfa56599fc
      size: 618562
    - path: src/model_evaluation.py
      hash: md5
      md5: efb1de9838f57b0e50862992a47805df
      size: 4502
    outs:
    - path: reports/metrics.json
      hash: md5
      md5: 58bccd90a864538cbf24b1c1a4085b6f
      size: 140
